
Microsoft Visual Studio Solution File, Format Version 12.00
# Visual Studio Version 16
VisualStudioVersion = 16.0.31321.278
MinimumVisualStudioVersion = 10.0.40219.1
Project("{8BC9CEB8-8B4A-11D0-8D11-00A0C91BC942}") = "clinq.Tests", "clinq.Tests\clinq.Tests.vcxproj", "{F9BFC3A2-B1C0-48C4-9010-1D45E099E1B9}"
EndProject
Project("{8BC9CEB8-8B4A-11D0-8D11-00A0C91BC942}") = "CLinq", "CLinq\CLinq.vcxproj", "{7D7545A7-8D8C-45F3-8D85-BF37CDA71B28}"
EndProject
Project("{2150E333-8FDC-42A3-9474-1A3956D46DE8}") = "SolutionItems", "SolutionItems", "{E97A9ED9-3B43-4BA5-A5BE-0BF3864CFE70}"
	ProjectSection(SolutionItems) = preProject
		.gitignore = .gitignore
		CHANGELOG.md = CHANGELOG.md
		LICENSE.md = LICENSE.md
		README.md = README.md
	EndProjectSection
EndProject
Global
	GlobalSection(SolutionConfigurationPlatforms) = preSolution
		Debug|x64 = Debug|x64
		Debug|x86 = Debug|x86
		Release|x64 = Release|x64
		Release|x86 = Release|x86
	EndGlobalSection
	GlobalSection(ProjectConfigurationPlatforms) = postSolution
		{F9BFC3A2-B1C0-48C4-9010-1D45E099E1B9}.Debug|x64.ActiveCfg = Debug|x64
		{F9BFC3A2-B1C0-48C4-9010-1D45E099E1B9}.Debug|x64.Build.0 = Debug|x64
		{F9BFC3A2-B1C0-48C4-9010-1D45E099E1B9}.Debug|x86.ActiveCfg = Debug|Win32
		{F9BFC3A2-B1C0-48C4-9010-1D45E099E1B9}.Debug|x86.Build.0 = Debug|Win32
		{F9BFC3A2-B1C0-48C4-9010-1D45E099E1B9}.Release|x64.ActiveCfg = Release|x64
		{F9BFC3A2-B1C0-48C4-9010-1D45E099E1B9}.Release|x64.Build.0 = Release|x64
		{F9BFC3A2-B1C0-48C4-9010-1D45E099E1B9}.Release|x86.ActiveCfg = Release|Win32
		{F9BFC3A2-B1C0-48C4-9010-1D45E099E1B9}.Release|x86.Build.0 = Release|Win32
		{7D7545A7-8D8C-45F3-8D85-BF37CDA71B28}.Debug|x64.ActiveCfg = Debug|x64
		{7D7545A7-8D8C-45F3-8D85-BF37CDA71B28}.Debug|x64.Build.0 = Debug|x64
		{7D7545A7-8D8C-45F3-8D85-BF37CDA71B28}.Debug|x86.ActiveCfg = Debug|Win32
		{7D7545A7-8D8C-45F3-8D85-BF37CDA71B28}.Debug|x86.Build.0 = Debug|Win32
		{7D7545A7-8D8C-45F3-8D85-BF37CDA71B28}.Release|x64.ActiveCfg = Release|x64
		{7D7545A7-8D8C-45F3-8D85-BF37CDA71B28}.Release|x64.Build.0 = Release|x64
		{7D7545A7-8D8C-45F3-8D85-BF37CDA71B28}.Release|x86.ActiveCfg = Release|Win32
		{7D7545A7-8D8C-45F3-8D85-BF37CDA71B28}.Release|x86.Build.0 = Release|Win32
	EndGlobalSection
	GlobalSection(SolutionProperties) = preSolution
		HideSolutionNode = FALSE
	EndGlobalSection
	GlobalSection(ExtensibilityGlobals) = postSolution
		SolutionGuid = {C5EF5C15-2C7F-4FB3-B98F-82627635932F}
	EndGlobalSection
EndGlobal
